
Microsoft Visual Studio Solution File, Format Version 12.00
# Visual Studio Version 17
VisualStudioVersion = 17.0.31903.59
MinimumVisualStudioVersion = 10.0.40219.1
Project("{FAE04EC0-301F-11D3-BF4B-00C04F79EFBC}") = "0001_string_vs_system", "0001_string_vs_system\0001_string_vs_system.csproj", "{B5B7379D-6C19-4FFD-A964-AED2BEFA6D3F}"
EndProject
Project("{FAE04EC0-301F-11D3-BF4B-00C04F79EFBC}") = "0002_enumerate_enum", "0002_enumerate_enum\0002_enumerate_enum.csproj", "{0B371859-3FEF-4A6F-95CE-3D462BB57809}"
EndProject
Project("{FAE04EC0-301F-11D3-BF4B-00C04F79EFBC}") = "0003_enum_to_int", "0003_enum_to_int\0003_enum_to_int.csproj", "{192EA8FB-B38C-42B0-8E87-49FAC16B5960}"
EndProject
Project("{FAE04EC0-301F-11D3-BF4B-00C04F79EFBC}") = "0004_case_insensitive_contains", "0004_case_insensitive_contains\0004_case_insensitive_contains.csproj", "{D7D9BD11-E6A9-4C66-8FFD-CA7BEE3EDC6A}"
EndProject
Project("{FAE04EC0-301F-11D3-BF4B-00C04F79EFBC}") = "0005_enumerate_dictionary", "0005_enumerate_dictionary\0005_enumerate_dictionary.csproj", "{8E44E2ED-8169-4A23-9BD2-B852D658A30A}"
EndProject
Project("{FAE04EC0-301F-11D3-BF4B-00C04F79EFBC}") = "0006_deep_clone", "0006_deep_clone\0006_deep_clone.csproj", "{2F2AF2DF-AC78-4030-B98F-CBEBEA52F949}"
EndProject
Project("{FAE04EC0-301F-11D3-BF4B-00C04F79EFBC}") = "0007_multiple_exceptions_filter", "0007_multiple_exceptions_filter\0007_multiple_exceptions_filter.csproj", "{77470175-6BFB-430D-929D-7CEB13D30C3D}"
EndProject
Project("{FAE04EC0-301F-11D3-BF4B-00C04F79EFBC}") = "0008_random_number", "0008_random_number\0008_random_number.csproj", "{D6CC45BE-8197-42B2-9147-00BD4D91FA74}"
EndProject
Project("{FAE04EC0-301F-11D3-BF4B-00C04F79EFBC}") = "0009_null_coalescing", "0009_null_coalescing\0009_null_coalescing.csproj", "{AD626DF8-3B2D-4725-8780-8E339869D579}"
EndProject
Project("{FAE04EC0-301F-11D3-BF4B-00C04F79EFBC}") = "0010_null_reference_exception", "0010_null_reference_exception\0010_null_reference_exception.csproj", "{BE9A317B-A3CB-4292-8895-C64151D4F425}"
EndProject
Project("{FAE04EC0-301F-11D3-BF4B-00C04F79EFBC}") = "0011_sort_generic_list", "0011_sort_generic_list\0011_sort_generic_list.csproj", "{00F824D8-EBFA-4296-BCB4-C46A4C54EE76}"
EndProject
Project("{FAE04EC0-301F-11D3-BF4B-00C04F79EFBC}") = "0012_fields_vs_properties", "0012_fields_vs_properties\0012_fields_vs_properties.csproj", "{7FC7E25C-E92A-4B21-94A5-CFA8BD06414B}"
EndProject
Project("{FAE04EC0-301F-11D3-BF4B-00C04F79EFBC}") = "0014_multiple_orderBy", "0014_multiple_orderBy\0014_multiple_orderBy.csproj", "{33407966-3A6E-426D-9836-19DE980CD972}"
EndProject
Project("{FAE04EC0-301F-11D3-BF4B-00C04F79EFBC}") = "0015_select_selectMany", "0015_select_selectMany\0015_select_selectMany.csproj", "{5FB1262F-D525-4460-8FE9-335DD364644D}"
EndProject
Project("{FAE04EC0-301F-11D3-BF4B-00C04F79EFBC}") = "0016_left_outer_join", "0016_left_outer_join\0016_left_outer_join.csproj", "{EC9DD0A9-5E31-44F6-9CBC-AF17DE10CD20}"
EndProject
Project("{FAE04EC0-301F-11D3-BF4B-00C04F79EFBC}") = "0017_join_multiple_properties", "0017_join_multiple_properties\0017_join_multiple_properties.csproj", "{1A7E3A8A-9A02-4802-B50B-B578F430DEAE}"
EndProject
Project("{FAE04EC0-301F-11D3-BF4B-00C04F79EFBC}") = "0018_enumerable_vs_queryable", "0018_enumerable_vs_queryable\0018_enumerable_vs_queryable.csproj", "{D0952181-5C62-45E3-B423-8616161F66AE}"
EndProject
Project("{FAE04EC0-301F-11D3-BF4B-00C04F79EFBC}") = "0019_dynamic_linq_query", "0019_dynamic_linq_query\0019_dynamic_linq_query.csproj", "{6306F05D-12F9-4CD9-95BC-44EF04A31466}"
EndProject
Project("{FAE04EC0-301F-11D3-BF4B-00C04F79EFBC}") = "0020_groupBy_multiple_properties", "0020_groupBy_multiple_properties\0020_groupBy_multiple_properties.csproj", "{A2F25875-4D61-47EE-B8C5-239581E208A4}"
EndProject
Project("{FAE04EC0-301F-11D3-BF4B-00C04F79EFBC}") = "0021_paging_in_linq", "0021_paging_in_linq\0021_paging_in_linq.csproj", "{8362C52B-CF67-4684-98AF-0AB157D71DD0}"
EndProject
Project("{FAE04EC0-301F-11D3-BF4B-00C04F79EFBC}") = "0022_disposable_interface", "0022_disposable_interface\0022_disposable_interface.csproj", "{607A6157-2C04-4CFA-A16C-C689D1F8A705}"
EndProject
Global
	GlobalSection(SolutionConfigurationPlatforms) = preSolution
		Debug|Any CPU = Debug|Any CPU
		Release|Any CPU = Release|Any CPU
	EndGlobalSection
	GlobalSection(SolutionProperties) = preSolution
		HideSolutionNode = FALSE
	EndGlobalSection
	GlobalSection(ProjectConfigurationPlatforms) = postSolution
		{B5B7379D-6C19-4FFD-A964-AED2BEFA6D3F}.Debug|Any CPU.ActiveCfg = Debug|Any CPU
		{B5B7379D-6C19-4FFD-A964-AED2BEFA6D3F}.Debug|Any CPU.Build.0 = Debug|Any CPU
		{B5B7379D-6C19-4FFD-A964-AED2BEFA6D3F}.Release|Any CPU.ActiveCfg = Release|Any CPU
		{B5B7379D-6C19-4FFD-A964-AED2BEFA6D3F}.Release|Any CPU.Build.0 = Release|Any CPU
		{0B371859-3FEF-4A6F-95CE-3D462BB57809}.Debug|Any CPU.ActiveCfg = Debug|Any CPU
		{0B371859-3FEF-4A6F-95CE-3D462BB57809}.Debug|Any CPU.Build.0 = Debug|Any CPU
		{0B371859-3FEF-4A6F-95CE-3D462BB57809}.Release|Any CPU.ActiveCfg = Release|Any CPU
		{0B371859-3FEF-4A6F-95CE-3D462BB57809}.Release|Any CPU.Build.0 = Release|Any CPU
		{192EA8FB-B38C-42B0-8E87-49FAC16B5960}.Debug|Any CPU.ActiveCfg = Debug|Any CPU
		{192EA8FB-B38C-42B0-8E87-49FAC16B5960}.Debug|Any CPU.Build.0 = Debug|Any CPU
		{192EA8FB-B38C-42B0-8E87-49FAC16B5960}.Release|Any CPU.ActiveCfg = Release|Any CPU
		{192EA8FB-B38C-42B0-8E87-49FAC16B5960}.Release|Any CPU.Build.0 = Release|Any CPU
		{D7D9BD11-E6A9-4C66-8FFD-CA7BEE3EDC6A}.Debug|Any CPU.ActiveCfg = Debug|Any CPU
		{D7D9BD11-E6A9-4C66-8FFD-CA7BEE3EDC6A}.Debug|Any CPU.Build.0 = Debug|Any CPU
		{D7D9BD11-E6A9-4C66-8FFD-CA7BEE3EDC6A}.Release|Any CPU.ActiveCfg = Release|Any CPU
		{D7D9BD11-E6A9-4C66-8FFD-CA7BEE3EDC6A}.Release|Any CPU.Build.0 = Release|Any CPU
		{8E44E2ED-8169-4A23-9BD2-B852D658A30A}.Debug|Any CPU.ActiveCfg = Debug|Any CPU
		{8E44E2ED-8169-4A23-9BD2-B852D658A30A}.Debug|Any CPU.Build.0 = Debug|Any CPU
		{8E44E2ED-8169-4A23-9BD2-B852D658A30A}.Release|Any CPU.ActiveCfg = Release|Any CPU
		{8E44E2ED-8169-4A23-9BD2-B852D658A30A}.Release|Any CPU.Build.0 = Release|Any CPU
		{2F2AF2DF-AC78-4030-B98F-CBEBEA52F949}.Debug|Any CPU.ActiveCfg = Debug|Any CPU
		{2F2AF2DF-AC78-4030-B98F-CBEBEA52F949}.Debug|Any CPU.Build.0 = Debug|Any CPU
		{2F2AF2DF-AC78-4030-B98F-CBEBEA52F949}.Release|Any CPU.ActiveCfg = Release|Any CPU
		{2F2AF2DF-AC78-4030-B98F-CBEBEA52F949}.Release|Any CPU.Build.0 = Release|Any CPU
		{77470175-6BFB-430D-929D-7CEB13D30C3D}.Debug|Any CPU.ActiveCfg = Debug|Any CPU
		{77470175-6BFB-430D-929D-7CEB13D30C3D}.Debug|Any CPU.Build.0 = Debug|Any CPU
		{77470175-6BFB-430D-929D-7CEB13D30C3D}.Release|Any CPU.ActiveCfg = Release|Any CPU
		{77470175-6BFB-430D-929D-7CEB13D30C3D}.Release|Any CPU.Build.0 = Release|Any CPU
		{D6CC45BE-8197-42B2-9147-00BD4D91FA74}.Debug|Any CPU.ActiveCfg = Debug|Any CPU
		{D6CC45BE-8197-42B2-9147-00BD4D91FA74}.Debug|Any CPU.Build.0 = Debug|Any CPU
		{D6CC45BE-8197-42B2-9147-00BD4D91FA74}.Release|Any CPU.ActiveCfg = Release|Any CPU
		{D6CC45BE-8197-42B2-9147-00BD4D91FA74}.Release|Any CPU.Build.0 = Release|Any CPU
		{AD626DF8-3B2D-4725-8780-8E339869D579}.Debug|Any CPU.ActiveCfg = Debug|Any CPU
		{AD626DF8-3B2D-4725-8780-8E339869D579}.Debug|Any CPU.Build.0 = Debug|Any CPU
		{AD626DF8-3B2D-4725-8780-8E339869D579}.Release|Any CPU.ActiveCfg = Release|Any CPU
		{AD626DF8-3B2D-4725-8780-8E339869D579}.Release|Any CPU.Build.0 = Release|Any CPU
		{BE9A317B-A3CB-4292-8895-C64151D4F425}.Debug|Any CPU.ActiveCfg = Debug|Any CPU
		{BE9A317B-A3CB-4292-8895-C64151D4F425}.Debug|Any CPU.Build.0 = Debug|Any CPU
		{BE9A317B-A3CB-4292-8895-C64151D4F425}.Release|Any CPU.ActiveCfg = Release|Any CPU
		{BE9A317B-A3CB-4292-8895-C64151D4F425}.Release|Any CPU.Build.0 = Release|Any CPU
		{00F824D8-EBFA-4296-BCB4-C46A4C54EE76}.Debug|Any CPU.ActiveCfg = Debug|Any CPU
		{00F824D8-EBFA-4296-BCB4-C46A4C54EE76}.Debug|Any CPU.Build.0 = Debug|Any CPU
		{00F824D8-EBFA-4296-BCB4-C46A4C54EE76}.Release|Any CPU.ActiveCfg = Release|Any CPU
		{00F824D8-EBFA-4296-BCB4-C46A4C54EE76}.Release|Any CPU.Build.0 = Release|Any CPU
		{7FC7E25C-E92A-4B21-94A5-CFA8BD06414B}.Debug|Any CPU.ActiveCfg = Debug|Any CPU
		{7FC7E25C-E92A-4B21-94A5-CFA8BD06414B}.Debug|Any CPU.Build.0 = Debug|Any CPU
		{7FC7E25C-E92A-4B21-94A5-CFA8BD06414B}.Release|Any CPU.ActiveCfg = Release|Any CPU
		{7FC7E25C-E92A-4B21-94A5-CFA8BD06414B}.Release|Any CPU.Build.0 = Release|Any CPU
		{33407966-3A6E-426D-9836-19DE980CD972}.Debug|Any CPU.ActiveCfg = Debug|Any CPU
		{33407966-3A6E-426D-9836-19DE980CD972}.Debug|Any CPU.Build.0 = Debug|Any CPU
		{33407966-3A6E-426D-9836-19DE980CD972}.Release|Any CPU.ActiveCfg = Release|Any CPU
		{33407966-3A6E-426D-9836-19DE980CD972}.Release|Any CPU.Build.0 = Release|Any CPU
		{5FB1262F-D525-4460-8FE9-335DD364644D}.Debug|Any CPU.ActiveCfg = Debug|Any CPU
		{5FB1262F-D525-4460-8FE9-335DD364644D}.Debug|Any CPU.Build.0 = Debug|Any CPU
		{5FB1262F-D525-4460-8FE9-335DD364644D}.Release|Any CPU.ActiveCfg = Release|Any CPU
		{5FB1262F-D525-4460-8FE9-335DD364644D}.Release|Any CPU.Build.0 = Release|Any CPU
		{EC9DD0A9-5E31-44F6-9CBC-AF17DE10CD20}.Debug|Any CPU.ActiveCfg = Debug|Any CPU
		{EC9DD0A9-5E31-44F6-9CBC-AF17DE10CD20}.Debug|Any CPU.Build.0 = Debug|Any CPU
		{EC9DD0A9-5E31-44F6-9CBC-AF17DE10CD20}.Release|Any CPU.ActiveCfg = Release|Any CPU
		{EC9DD0A9-5E31-44F6-9CBC-AF17DE10CD20}.Release|Any CPU.Build.0 = Release|Any CPU
		{1A7E3A8A-9A02-4802-B50B-B578F430DEAE}.Debug|Any CPU.ActiveCfg = Debug|Any CPU
		{1A7E3A8A-9A02-4802-B50B-B578F430DEAE}.Debug|Any CPU.Build.0 = Debug|Any CPU
		{1A7E3A8A-9A02-4802-B50B-B578F430DEAE}.Release|Any CPU.ActiveCfg = Release|Any CPU
		{1A7E3A8A-9A02-4802-B50B-B578F430DEAE}.Release|Any CPU.Build.0 = Release|Any CPU
		{D0952181-5C62-45E3-B423-8616161F66AE}.Debug|Any CPU.ActiveCfg = Debug|Any CPU
		{D0952181-5C62-45E3-B423-8616161F66AE}.Debug|Any CPU.Build.0 = Debug|Any CPU
		{D0952181-5C62-45E3-B423-8616161F66AE}.Release|Any CPU.ActiveCfg = Release|Any CPU
		{D0952181-5C62-45E3-B423-8616161F66AE}.Release|Any CPU.Build.0 = Release|Any CPU
		{6306F05D-12F9-4CD9-95BC-44EF04A31466}.Debug|Any CPU.ActiveCfg = Debug|Any CPU
		{6306F05D-12F9-4CD9-95BC-44EF04A31466}.Debug|Any CPU.Build.0 = Debug|Any CPU
		{6306F05D-12F9-4CD9-95BC-44EF04A31466}.Release|Any CPU.ActiveCfg = Release|Any CPU
		{6306F05D-12F9-4CD9-95BC-44EF04A31466}.Release|Any CPU.Build.0 = Release|Any CPU
		{A2F25875-4D61-47EE-B8C5-239581E208A4}.Debug|Any CPU.ActiveCfg = Debug|Any CPU
		{A2F25875-4D61-47EE-B8C5-239581E208A4}.Debug|Any CPU.Build.0 = Debug|Any CPU
		{A2F25875-4D61-47EE-B8C5-239581E208A4}.Release|Any CPU.ActiveCfg = Release|Any CPU
		{A2F25875-4D61-47EE-B8C5-239581E208A4}.Release|Any CPU.Build.0 = Release|Any CPU
		{8362C52B-CF67-4684-98AF-0AB157D71DD0}.Debug|Any CPU.ActiveCfg = Debug|Any CPU
		{8362C52B-CF67-4684-98AF-0AB157D71DD0}.Debug|Any CPU.Build.0 = Debug|Any CPU
		{8362C52B-CF67-4684-98AF-0AB157D71DD0}.Release|Any CPU.ActiveCfg = Release|Any CPU
		{8362C52B-CF67-4684-98AF-0AB157D71DD0}.Release|Any CPU.Build.0 = Release|Any CPU
		{607A6157-2C04-4CFA-A16C-C689D1F8A705}.Debug|Any CPU.ActiveCfg = Debug|Any CPU
		{607A6157-2C04-4CFA-A16C-C689D1F8A705}.Debug|Any CPU.Build.0 = Debug|Any CPU
		{607A6157-2C04-4CFA-A16C-C689D1F8A705}.Release|Any CPU.ActiveCfg = Release|Any CPU
		{607A6157-2C04-4CFA-A16C-C689D1F8A705}.Release|Any CPU.Build.0 = Release|Any CPU
	EndGlobalSection
EndGlobal
